# This file is autogenerated, do not edit; changes may be undone by the next 'dep ensure'.


[[projects]]
  name = "github.com/ZoltanLajosKis/go-assets"
  packages = ["."]
  revision = "63c67f25f6d8a79be78a0cf8462aa18f867bbab9"
  version = "v0.2.2"

[[projects]]
  branch = "master"
  name = "github.com/ZoltanLajosKis/go-mapfs"
  packages = ["."]
  revision = "5a25c6c0574ccce81860e7d55d193e2d5e84885f"

[[projects]]
  branch = "master"
  name = "github.com/shurcooL/httpfs"
  packages = ["vfsutil"]
  revision = "bc35257962c2dea93e81c976b72c7c6eac45fd8a"

[[projects]]
  branch = "master"
  name = "github.com/shurcooL/vfsgen"
  packages = ["."]
  revision = "385e5833a54aaba5860ca26036b8e8b72135ab96"

[[projects]]
  branch = "master"
  name = "golang.org/x/tools"
  packages = ["godoc/vfs","godoc/vfs/httpfs"]
  revision = "1807494da808122833b9bd8e3e5fa179ef237d41"

[solve-meta]
  analyzer-name = "dep"
  analyzer-version = 1
  inputs-digest = "1cdee453228caff9b665a6064bac01a773671bbc76e2cfa82aa64218e23a9f38"
  solver-name = "gps-cdcl"
  solver-version = 1
